// !$*UTF8*$!
{
	archiveVersion = 1;
	classes = {
	};
	objectVersion = 50;
	objects = {

/* Begin PBXBuildFile section */
		8C351D4F2106F8AB0095774A /* AppDelegate.swift in Sources */ = {isa = PBXBuildFile; fileRef = 8C351D4E2106F8AB0095774A /* AppDelegate.swift */; };
		8C351D512106F8AB0095774A /* ViewController.swift in Sources */ = {isa = PBXBuildFile; fileRef = 8C351D502106F8AB0095774A /* ViewController.swift */; };
		8C351D542106F8AB0095774A /* Main.storyboard in Resources */ = {isa = PBXBuildFile; fileRef = 8C351D522106F8AB0095774A /* Main.storyboard */; };
		8C351D562106F8AD0095774A /* Assets.xcassets in Resources */ = {isa = PBXBuildFile; fileRef = 8C351D552106F8AD0095774A /* Assets.xcassets */; };
		8C351D592106F8AD0095774A /* LaunchScreen.storyboard in Resources */ = {isa = PBXBuildFile; fileRef = 8C351D572106F8AD0095774A /* LaunchScreen.storyboard */; };
		8C351D642106F8AE0095774A /* TestStuffTests.swift in Sources */ = {isa = PBXBuildFile; fileRef = 8C351D632106F8AE0095774A /* TestStuffTests.swift */; };
		8C351D6F2106F8AE0095774A /* TestStuffUITests.swift in Sources */ = {isa = PBXBuildFile; fileRef = 8C351D6E2106F8AE0095774A /* TestStuffUITests.swift */; };
/* End PBXBuildFile section */

/* Begin PBXContainerItemProxy section */
		8C351D602106F8AE0095774A /* PBXContainerItemProxy */ = {
			isa = PBXContainerItemProxy;
			containerPortal = 8C351D432106F8AB0095774A /* Project object */;
			proxyType = 1;
			remoteGlobalIDString = 8C351D4A2106F8AB0095774A;
			remoteInfo = TestStuff;
		};
		8C351D6B2106F8AE0095774A /* PBXContainerItemProxy */ = {
			isa = PBXContainerItemProxy;
			containerPortal = 8C351D432106F8AB0095774A /* Project object */;
			proxyType = 1;
			remoteGlobalIDString = 8C351D4A2106F8AB0095774A;
			remoteInfo = TestStuff;
		};
/* End PBXContainerItemProxy section */

/* Begin PBXFileReference section */
		8C351D4B2106F8AB0095774A /* TestStuff.app */ = {isa = PBXFileReference; explicitFileType = wrapper.application; includeInIndex = 0; path = TestStuff.app; sourceTree = BUILT_PRODUCTS_DIR; };
		8C351D4E2106F8AB0095774A /* AppDelegate.swift */ = {isa = PBXFileReference; lastKnownFileType = sourcecode.swift; path = AppDelegate.swift; sourceTree = "<group>"; };
		8C351D502106F8AB0095774A /* ViewController.swift */ = {isa = PBXFileReference; lastKnownFileType = sourcecode.swift; path = ViewController.swift; sourceTree = "<group>"; };
		8C351D532106F8AB0095774A /* Base */ = {isa = PBXFileReference; lastKnownFileType = file.storyboard; name = Base; path = Base.lproj/Main.storyboard; sourceTree = "<group>"; };
		8C351D552106F8AD0095774A /* Assets.xcassets */ = {isa = PBXFileReference; lastKnownFileType = folder.assetcatalog; path = Assets.xcassets; sourceTree = "<group>"; };
		8C351D582106F8AD0095774A /* Base */ = {isa = PBXFileReference; lastKnownFileType = file.storyboard; name = Base; path = Base.lproj/LaunchScreen.storyboard; sourceTree = "<group>"; };
		8C351D5A2106F8AD0095774A /* Info.plist */ = {isa = PBXFileReference; lastKnownFileType = text.plist.xml; path = Info.plist; sourceTree = "<group>"; };
		8C351D5F2106F8AE0095774A /* TestStuffTests.xctest */ = {isa = PBXFileReference; explicitFileType = wrapper.cfbundle; includeInIndex = 0; path = TestStuffTests.xctest; sourceTree = BUILT_PRODUCTS_DIR; };
		8C351D632106F8AE0095774A /* TestStuffTests.swift */ = {isa = PBXFileReference; lastKnownFileType = sourcecode.swift; path = TestStuffTests.swift; sourceTree = "<group>"; };
		8C351D652106F8AE0095774A /* Info.plist */ = {isa = PBXFileReference; lastKnownFileType = text.plist.xml; path = Info.plist; sourceTree = "<group>"; };
		8C351D6A2106F8AE0095774A /* TestStuffUITests.xctest */ = {isa = PBXFileReference; explicitFileType = wrapper.cfbundle; includeInIndex = 0; path = TestStuffUITests.xctest; sourceTree = BUILT_PRODUCTS_DIR; };
		8C351D6E2106F8AE0095774A /* TestStuffUITests.swift */ = {isa = PBXFileReference; lastKnownFileType = sourcecode.swift; path = TestStuffUITests.swift; sourceTree = "<group>"; };
		8C351D702106F8AE0095774A /* Info.plist */ = {isa = PBXFileReference; lastKnownFileType = text.plist.xml; path = Info.plist; sourceTree = "<group>"; };
/* End PBXFileReference section */

/* Begin PBXFrameworksBuildPhase section */
		8C351D482106F8AB0095774A /* Frameworks */ = {
			isa = PBXFrameworksBuildPhase;
			buildActionMask = 2147483647;
			files = (
			);
			runOnlyForDeploymentPostprocessing = 0;
		};
		8C351D5C2106F8AE0095774A /* Frameworks */ = {
			isa = PBXFrameworksBuildPhase;
			buildActionMask = 2147483647;
			files = (
			);
			runOnlyForDeploymentPostprocessing = 0;
		};
		8C351D672106F8AE0095774A /* Frameworks */ = {
			isa = PBXFrameworksBuildPhase;
			buildActionMask = 2147483647;
			files = (
			);
			runOnlyForDeploymentPostprocessing = 0;
		};
/* End PBXFrameworksBuildPhase section */

/* Begin PBXGroup section */
		8C351D422106F8AB0095774A = {
			isa = PBXGroup;
			children = (
				8C351D4D2106F8AB0095774A /* TestStuff */,
				8C351D622106F8AE0095774A /* TestStuffTests */,
				8C351D6D2106F8AE0095774A /* TestStuffUITests */,
				8C351D4C2106F8AB0095774A /* Products */,
			);
			sourceTree = "<group>";
		};
		8C351D4C2106F8AB0095774A /* Products */ = {
			isa = PBXGroup;
			children = (
				8C351D4B2106F8AB0095774A /* TestStuff.app */,
				8C351D5F2106F8AE0095774A /* TestStuffTests.xctest */,
				8C351D6A2106F8AE0095774A /* TestStuffUITests.xctest */,
			);
			name = Products;
			sourceTree = "<group>";
		};
		8C351D4D2106F8AB0095774A /* TestStuff */ = {
			isa = PBXGroup;
			children = (
				8C351D4E2106F8AB0095774A /* AppDelegate.swift */,
				8C351D502106F8AB0095774A /* ViewController.swift */,
				8C351D522106F8AB0095774A /* Main.storyboard */,
				8C351D552106F8AD0095774A /* Assets.xcassets */,
				8C351D572106F8AD0095774A /* LaunchScreen.storyboard */,
				8C351D5A2106F8AD0095774A /* Info.plist */,
			);
			path = TestStuff;
			sourceTree = "<group>";
		};
		8C351D622106F8AE0095774A /* TestStuffTests */ = {
			isa = PBXGroup;
			children = (
				8C351D632106F8AE0095774A /* TestStuffTests.swift */,
				8C351D652106F8AE0095774A /* Info.plist */,
			);
			path = TestStuffTests;
			sourceTree = "<group>";
		};
		8C351D6D2106F8AE0095774A /* TestStuffUITests */ = {
			isa = PBXGroup;
			children = (
				8C351D6E2106F8AE0095774A /* TestStuffUITests.swift */,
				8C351D702106F8AE0095774A /* Info.plist */,
			);
			path = TestStuffUITests;
			sourceTree = "<group>";
		};
/* End PBXGroup section */

/* Begin PBXNativeTarget section */
		8C351D4A2106F8AB0095774A /* TestStuff */ = {
			isa = PBXNativeTarget;
			buildConfigurationList = 8C351D732106F8AE0095774A /* Build configuration list for PBXNativeTarget "TestStuff" */;
			buildPhases = (
				8C351D472106F8AB0095774A /* Sources */,
				8C351D482106F8AB0095774A /* Frameworks */,
				8C351D492106F8AB0095774A /* Resources */,
			);
			buildRules = (
			);
			dependencies = (
			);
			name = TestStuff;
			productName = TestStuff;
			productReference = 8C351D4B2106F8AB0095774A /* TestStuff.app */;
			productType = "com.apple.product-type.application";
		};
		8C351D5E2106F8AE0095774A /* TestStuffTests */ = {
			isa = PBXNativeTarget;
			buildConfigurationList = 8C351D762106F8AE0095774A /* Build configuration list for PBXNativeTarget "TestStuffTests" */;
			buildPhases = (
				8C351D5B2106F8AE0095774A /* Sources */,
				8C351D5C2106F8AE0095774A /* Frameworks */,
				8C351D5D2106F8AE0095774A /* Resources */,
			);
			buildRules = (
			);
			dependencies = (
				8C351D612106F8AE0095774A /* PBXTargetDependency */,
			);
			name = TestStuffTests;
			productName = TestStuffTests;
			productReference = 8C351D5F2106F8AE0095774A /* TestStuffTests.xctest */;
			productType = "com.apple.product-type.bundle.unit-test";
		};
		8C351D692106F8AE0095774A /* TestStuffUITests */ = {
			isa = PBXNativeTarget;
			buildConfigurationList = 8C351D792106F8AE0095774A /* Build configuration list for PBXNativeTarget "TestStuffUITests" */;
			buildPhases = (
				8C351D662106F8AE0095774A /* Sources */,
				8C351D672106F8AE0095774A /* Frameworks */,
				8C351D682106F8AE0095774A /* Resources */,
			);
			buildRules = (
			);
			dependencies = (
				8C351D6C2106F8AE0095774A /* PBXTargetDependency */,
			);
			name = TestStuffUITests;
			productName = TestStuffUITests;
			productReference = 8C351D6A2106F8AE0095774A /* TestStuffUITests.xctest */;
			productType = "com.apple.product-type.bundle.ui-testing";
		};
/* End PBXNativeTarget section */

/* Begin PBXProject section */
		8C351D432106F8AB0095774A /* Project object */ = {
			isa = PBXProject;
			attributes = {
				LastSwiftUpdateCheck = 0940;
				LastUpgradeCheck = 0940;
				ORGANIZATIONNAME = "edan yachdav";
				TargetAttributes = {
					8C351D4A2106F8AB0095774A = {
						CreatedOnToolsVersion = 9.4.1;
					};
					8C351D5E2106F8AE0095774A = {
						CreatedOnToolsVersion = 9.4.1;
						TestTargetID = 8C351D4A2106F8AB0095774A;
					};
					8C351D692106F8AE0095774A = {
						CreatedOnToolsVersion = 9.4.1;
						TestTargetID = 8C351D4A2106F8AB0095774A;
					};
				};
			};
			buildConfigurationList = 8C351D462106F8AB0095774A /* Build configuration list for PBXProject "TestStuff" */;
			compatibilityVersion = "Xcode 9.3";
			developmentRegion = en;
			hasScannedForEncodings = 0;
			knownRegions = (
				en,
				Base,
			);
			mainGroup = 8C351D422106F8AB0095774A;
			productRefGroup = 8C351D4C2106F8AB0095774A /* Products */;
			projectDirPath = "";
			projectRoot = "";
			targets = (
				8C351D4A2106F8AB0095774A /* TestStuff */,
				8C351D5E2106F8AE0095774A /* TestStuffTests */,
				8C351D692106F8AE0095774A /* TestStuffUITests */,
			);
		};
/* End PBXProject section */

/* Begin PBXResourcesBuildPhase section */
		8C351D492106F8AB0095774A /* Resources */ = {
			isa = PBXResourcesBuildPhase;
			buildActionMask = 2147483647;
			files = (
				8C351D592106F8AD0095774A /* LaunchScreen.storyboard in Resources */,
				8C351D562106F8AD0095774A /* Assets.xcassets in Resources */,
				8C351D542106F8AB0095774A /* Main.storyboard in Resources */,
			);
			runOnlyForDeploymentPostprocessing = 0;
		};
		8C351D5D2106F8AE0095774A /* Resources */ = {
			isa = PBXResourcesBuildPhase;
			buildActionMask = 2147483647;
			files = (
			);
			runOnlyForDeploymentPostprocessing = 0;
		};
		8C351D682106F8AE0095774A /* Resources */ = {
			isa = PBXResourcesBuildPhase;
			buildActionMask = 2147483647;
			files = (
			);
			runOnlyForDeploymentPostprocessing = 0;
		};
/* End PBXResourcesBuildPhase section */

/* Begin PBXSourcesBuildPhase section */
		8C351D472106F8AB0095774A /* Sources */ = {
			isa = PBXSourcesBuildPhase;
			buildActionMask = 2147483647;
			files = (
				8C351D512106F8AB0095774A /* ViewController.swift in Sources */,
				8C351D4F2106F8AB0095774A /* AppDelegate.swift in Sources */,
			);
			runOnlyForDeploymentPostprocessing = 0;
		};
		8C351D5B2106F8AE0095774A /* Sources */ = {
			isa = PBXSourcesBuildPhase;
			buildActionMask = 2147483647;
			files = (
				8C351D642106F8AE0095774A /* TestStuffTests.swift in Sources */,
			);
			runOnlyForDeploymentPostprocessing = 0;
		};
		8C351D662106F8AE0095774A /* Sources */ = {
			isa = PBXSourcesBuildPhase;
			buildActionMask = 2147483647;
			files = (
				8C351D6F2106F8AE0095774A /* TestStuffUITests.swift in Sources */,
			);
			runOnlyForDeploymentPostprocessing = 0;
		};
/* End PBXSourcesBuildPhase section */

/* Begin PBXTargetDependency section */
		8C351D612106F8AE0095774A /* PBXTargetDependency */ = {
			isa = PBXTargetDependency;
			target = 8C351D4A2106F8AB0095774A /* TestStuff */;
			targetProxy = 8C351D602106F8AE0095774A /* PBXContainerItemProxy */;
		};
		8C351D6C2106F8AE0095774A /* PBXTargetDependency */ = {
			isa = PBXTargetDependency;
			target = 8C351D4A2106F8AB0095774A /* TestStuff */;
			targetProxy = 8C351D6B2106F8AE0095774A /* PBXContainerItemProxy */;
		};
/* End PBXTargetDependency section */

/* Begin PBXVariantGroup section */
		8C351D522106F8AB0095774A /* Main.storyboard */ = {
			isa = PBXVariantGroup;
			children = (
				8C351D532106F8AB0095774A /* Base */,
			);
			name = Main.storyboard;
			sourceTree = "<group>";
		};
		8C351D572106F8AD0095774A /* LaunchScreen.storyboard */ = {
			isa = PBXVariantGroup;
			children = (
				8C351D582106F8AD0095774A /* Base */,
			);
			name = LaunchScreen.storyboard;
			sourceTree = "<group>";
		};
/* End PBXVariantGroup section */

/* Begin XCBuildConfiguration section */
		8C351D712106F8AE0095774A /* Debug */ = {
			isa = XCBuildConfiguration;
			buildSettings = {
				ALWAYS_SEARCH_USER_PATHS = NO;
				CLANG_ANALYZER_NONNULL = YES;
				CLANG_ANALYZER_NUMBER_OBJECT_CONVERSION = YES_AGGRESSIVE;
				CLANG_CXX_LANGUAGE_STANDARD = "gnu++14";
				CLANG_CXX_LIBRARY = "libc++";
				CLANG_ENABLE_MODULES = YES;
				CLANG_ENABLE_OBJC_ARC = YES;
				CLANG_ENABLE_OBJC_WEAK = YES;
				CLANG_WARN_BLOCK_CAPTURE_AUTORELEASING = YES;
				CLANG_WARN_BOOL_CONVERSION = YES;
				CLANG_WARN_COMMA = YES;
				CLANG_WARN_CONSTANT_CONVERSION = YES;
				CLANG_WARN_DEPRECATED_OBJC_IMPLEMENTATIONS = YES;
				CLANG_WARN_DIRECT_OBJC_ISA_USAGE = YES_ERROR;
				CLANG_WARN_DOCUMENTATION_COMMENTS = YES;
				CLANG_WARN_EMPTY_BODY = YES;
				CLANG_WARN_ENUM_CONVERSION = YES;
				CLANG_WARN_INFINITE_RECURSION = YES;
				CLANG_WARN_INT_CONVERSION = YES;
				CLANG_WARN_NON_LITERAL_NULL_CONVERSION = YES;
				CLANG_WARN_OBJC_IMPLICIT_RETAIN_SELF = YES;
				CLANG_WARN_OBJC_LITERAL_CONVERSION = YES;
				CLANG_WARN_OBJC_ROOT_CLASS = YES_ERROR;
				CLANG_WARN_RANGE_LOOP_ANALYSIS = YES;
				CLANG_WARN_STRICT_PROTOTYPES = YES;
				CLANG_WARN_SUSPICIOUS_MOVE = YES;
				CLANG_WARN_UNGUARDED_AVAILABILITY = YES_AGGRESSIVE;
				CLANG_WARN_UNREACHABLE_CODE = YES;
				CLANG_WARN__DUPLICATE_METHOD_MATCH = YES;
				CODE_SIGN_IDENTITY = "iPhone Developer";
				COPY_PHASE_STRIP = NO;
				DEBUG_INFORMATION_FORMAT = dwarf;
				ENABLE_STRICT_OBJC_MSGSEND = YES;
				ENABLE_TESTABILITY = YES;
				GCC_C_LANGUAGE_STANDARD = gnu11;
				GCC_DYNAMIC_NO_PIC = NO;
				GCC_NO_COMMON_BLOCKS = YES;
				GCC_OPTIMIZATION_LEVEL = 0;
				GCC_PREPROCESSOR_DEFINITIONS = (
					"DEBUG=1",
					"$(inherited)",
				);
				GCC_WARN_64_TO_32_BIT_CONVERSION = YES;
				GCC_WARN_ABOUT_RETURN_TYPE = YES_ERROR;
				GCC_WARN_UNDECLARED_SELECTOR = YES;
				GCC_WARN_UNINITIALIZED_AUTOS = YES_AGGRESSIVE;
				GCC_WARN_UNUSED_FUNCTION = YES;
				GCC_WARN_UNUSED_VARIABLE = YES;
				IPHONEOS_DEPLOYMENT_TARGET = 11.4;
				MTL_ENABLE_DEBUG_INFO = YES;
				ONLY_ACTIVE_ARCH = YES;
				SDKROOT = iphoneos;
				SWIFT_ACTIVE_COMPILATION_CONDITIONS = DEBUG;
				SWIFT_OPTIMIZATION_LEVEL = "-Onone";
			};
			name = Debug;
		};
		8C351D722106F8AE0095774A /* Release */ = {
			isa = XCBuildConfiguration;
			buildSettings = {
				ALWAYS_SEARCH_USER_PATHS = NO;
				CLANG_ANALYZER_NONNULL = YES;
				CLANG_ANALYZER_NUMBER_OBJECT_CONVERSION = YES_AGGRESSIVE;
				CLANG_CXX_LANGUAGE_STANDARD = "gnu++14";
				CLANG_CXX_LIBRARY = "libc++";
				CLANG_ENABLE_MODULES = YES;
				CLANG_ENABLE_OBJC_ARC = YES;
				CLANG_ENABLE_OBJC_WEAK = YES;
				CLANG_WARN_BLOCK_CAPTURE_AUTORELEASING = YES;
				CLANG_WARN_BOOL_CONVERSION = YES;
				CLANG_WARN_COMMA = YES;
				CLANG_WARN_CONSTANT_CONVERSION = YES;
				CLANG_WARN_DEPRECATED_OBJC_IMPLEMENTATIONS = YES;
				CLANG_WARN_DIRECT_OBJC_ISA_USAGE = YES_ERROR;
				CLANG_WARN_DOCUMENTATION_COMMENTS = YES;
				CLANG_WARN_EMPTY_BODY = YES;
				CLANG_WARN_ENUM_CONVERSION = YES;
				CLANG_WARN_INFINITE_RECURSION = YES;
				CLANG_WARN_INT_CONVERSION = YES;
				CLANG_WARN_NON_LITERAL_NULL_CONVERSION = YES;
				CLANG_WARN_OBJC_IMPLICIT_RETAIN_SELF = YES;
				CLANG_WARN_OBJC_LITERAL_CONVERSION = YES;
				CLANG_WARN_OBJC_ROOT_CLASS = YES_ERROR;
				CLANG_WARN_RANGE_LOOP_ANALYSIS = YES;
				CLANG_WARN_STRICT_PROTOTYPES = YES;
				CLANG_WARN_SUSPICIOUS_MOVE = YES;
				CLANG_WARN_UNGUARDED_AVAILABILITY = YES_AGGRESSIVE;
				CLANG_WARN_UNREACHABLE_CODE = YES;
				CLANG_WARN__DUPLICATE_METHOD_MATCH = YES;
				CODE_SIGN_IDENTITY = "iPhone Developer";
				COPY_PHASE_STRIP = NO;
				DEBUG_INFORMATION_FORMAT = "dwarf-with-dsym";
				ENABLE_NS_ASSERTIONS = NO;
				ENABLE_STRICT_OBJC_MSGSEND = YES;
				GCC_C_LANGUAGE_STANDARD = gnu11;
				GCC_NO_COMMON_BLOCKS = YES;
				GCC_WARN_64_TO_32_BIT_CONVERSION = YES;
				GCC_WARN_ABOUT_RETURN_TYPE = YES_ERROR;
				GCC_WARN_UNDECLARED_SELECTOR = YES;
				GCC_WARN_UNINITIALIZED_AUTOS = YES_AGGRESSIVE;
				GCC_WARN_UNUSED_FUNCTION = YES;
				GCC_WARN_UNUSED_VARIABLE = YES;
				IPHONEOS_DEPLOYMENT_TARGET = 11.4;
				MTL_ENABLE_DEBUG_INFO = NO;
				SDKROOT = iphoneos;
				SWIFT_COMPILATION_MODE = wholemodule;
				SWIFT_OPTIMIZATION_LEVEL = "-O";
				VALIDATE_PRODUCT = YES;
			};
			name = Release;
		};
		8C351D742106F8AE0095774A /* Debug */ = {
			isa = XCBuildConfiguration;
			buildSettings = {
				ASSETCATALOG_COMPILER_APPICON_NAME = AppIcon;
				CODE_SIGN_STYLE = Automatic;
				DEVELOPMENT_TEAM = 85NSFJ3D63;
				INFOPLIST_FILE = TestStuff/Info.plist;
				LD_RUNPATH_SEARCH_PATHS = (
					"$(inherited)",
					"@executable_path/Frameworks",
				);
				PRODUCT_BUNDLE_IDENTIFIER = edan.yachdav.org.TestStuff;
				PRODUCT_NAME = "$(TARGET_NAME)";
				SWIFT_VERSION = 4.0;
				TARGETED_DEVICE_FAMILY = "1,2";
			};
			name = Debug;
		};
		8C351D752106F8AE0095774A /* Release */ = {
			isa = XCBuildConfiguration;
			buildSettings = {
				ASSETCATALOG_COMPILER_APPICON_NAME = AppIcon;
				CODE_SIGN_STYLE = Automatic;
				DEVELOPMENT_TEAM = 85NSFJ3D63;
				INFOPLIST_FILE = TestStuff/Info.plist;
				LD_RUNPATH_SEARCH_PATHS = (
					"$(inherited)",
					"@executable_path/Frameworks",
				);
				PRODUCT_BUNDLE_IDENTIFIER = edan.yachdav.org.TestStuff;
				PRODUCT_NAME = "$(TARGET_NAME)";
				SWIFT_VERSION = 4.0;
				TARGETED_DEVICE_FAMILY = "1,2";
			};
			name = Release;
		};
		8C351D772106F8AE0095774A /* Debug */ = {
			isa = XCBuildConfiguration;
			buildSettings = {
				ALWAYS_EMBED_SWIFT_STANDARD_LIBRARIES = YES;
				BUNDLE_LOADER = "$(TEST_HOST)";
				CODE_SIGN_STYLE = Automatic;
				DEVELOPMENT_TEAM = 85NSFJ3D63;
				INFOPLIST_FILE = TestStuffTests/Info.plist;
				LD_RUNPATH_SEARCH_PATHS = (
					"$(inherited)",
					"@executable_path/Frameworks",
					"@loader_path/Frameworks",
				);
				PRODUCT_BUNDLE_IDENTIFIER = edan.yachdav.org.TestStuffTests;
				PRODUCT_NAME = "$(TARGET_NAME)";
				SWIFT_VERSION = 4.0;
				TARGETED_DEVICE_FAMILY = "1,2";
				TEST_HOST = "$(BUILT_PRODUCTS_DIR)/TestStuff.app/TestStuff";
			};
			name = Debug;
		};
		8C351D782106F8AE0095774A /* Release */ = {
			isa = XCBuildConfiguration;
			buildSettings = {
				ALWAYS_EMBED_SWIFT_STANDARD_LIBRARIES = YES;
				BUNDLE_LOADER = "$(TEST_HOST)";
				CODE_SIGN_STYLE = Automatic;
				DEVELOPMENT_TEAM = 85NSFJ3D63;
				INFOPLIST_FILE = TestStuffTests/Info.plist;
				LD_RUNPATH_SEARCH_PATHS = (
					"$(inherited)",
					"@executable_path/Frameworks",
					"@loader_path/Frameworks",
				);
				PRODUCT_BUNDLE_IDENTIFIER = edan.yachdav.org.TestStuffTests;
				PRODUCT_NAME = "$(TARGET_NAME)";
				SWIFT_VERSION = 4.0;
				TARGETED_DEVICE_FAMILY = "1,2";
				TEST_HOST = "$(BUILT_PRODUCTS_DIR)/TestStuff.app/TestStuff";
			};
			name = Release;
		};
		8C351D7A2106F8AE0095774A /* Debug */ = {
			isa = XCBuildConfiguration;
			buildSettings = {
				ALWAYS_EMBED_SWIFT_STANDARD_LIBRARIES = YES;
				CODE_SIGN_STYLE = Automatic;
				DEVELOPMENT_TEAM = 85NSFJ3D63;
				INFOPLIST_FILE = TestStuffUITests/Info.plist;
				LD_RUNPATH_SEARCH_PATHS = (
					"$(inherited)",
					"@executable_path/Frameworks",
					"@loader_path/Frameworks",
				);
				PRODUCT_BUNDLE_IDENTIFIER = edan.yachdav.org.TestStuffUITests;
				PRODUCT_NAME = "$(TARGET_NAME)";
				SWIFT_VERSION = 4.0;
				TARGETED_DEVICE_FAMILY = "1,2";
				TEST_TARGET_NAME = TestStuff;
			};
			name = Debug;
		};
		8C351D7B2106F8AE0095774A /* Release */ = {
			isa = XCBuildConfiguration;
			buildSettings = {
				ALWAYS_EMBED_SWIFT_STANDARD_LIBRARIES = YES;
				CODE_SIGN_STYLE = Automatic;
				DEVELOPMENT_TEAM = 85NSFJ3D63;
				INFOPLIST_FILE = TestStuffUITests/Info.plist;
				LD_RUNPATH_SEARCH_PATHS = (
					"$(inherited)",
					"@executable_path/Frameworks",
					"@loader_path/Frameworks",
				);
				PRODUCT_BUNDLE_IDENTIFIER = edan.yachdav.org.TestStuffUITests;
				PRODUCT_NAME = "$(TARGET_NAME)";
				SWIFT_VERSION = 4.0;
				TARGETED_DEVICE_FAMILY = "1,2";
				TEST_TARGET_NAME = TestStuff;
			};
			name = Release;
		};
/* End XCBuildConfiguration section */

/* Begin XCConfigurationList section */
		8C351D462106F8AB0095774A /* Build configuration list for PBXProject "TestStuff" */ = {
			isa = XCConfigurationList;
			buildConfigurations = (
				8C351D712106F8AE0095774A /* Debug */,
				8C351D722106F8AE0095774A /* Release */,
			);
			defaultConfigurationIsVisible = 0;
			defaultConfigurationName = Release;
		};
		8C351D732106F8AE0095774A /* Build configuration list for PBXNativeTarget "TestStuff" */ = {
			isa = XCConfigurationList;
			buildConfigurations = (
				8C351D742106F8AE0095774A /* Debug */,
				8C351D752106F8AE0095774A /* Release */,
			);
			defaultConfigurationIsVisible = 0;
			defaultConfigurationName = Release;
		};
		8C351D762106F8AE0095774A /* Build configuration list for PBXNativeTarget "TestStuffTests" */ = {
			isa = XCConfigurationList;
			buildConfigurations = (
				8C351D772106F8AE0095774A /* Debug */,
				8C351D782106F8AE0095774A /* Release */,
			);
			defaultConfigurationIsVisible = 0;
			defaultConfigurationName = Release;
		};
		8C351D792106F8AE0095774A /* Build configuration list for PBXNativeTarget "TestStuffUITests" */ = {
			isa = XCConfigurationList;
			buildConfigurations = (
				8C351D7A2106F8AE0095774A /* Debug */,
				8C351D7B2106F8AE0095774A /* Release */,
			);
			defaultConfigurationIsVisible = 0;
			defaultConfigurationName = Release;
		};
/* End XCConfigurationList section */
	};
	rootObject = 8C351D432106F8AB0095774A /* Project object */;
}
