// !$*UTF8*$!
{
	archiveVersion = 1;
	classes = {
	};
	objectVersion = 50;
	objects = {

/* Begin PBXBuildFile section */
		8C7C8C69211D860500875B33 /* ActiveProjectCell.swift in Sources */ = {isa = PBXBuildFile; fileRef = 8C7C8C68211D860500875B33 /* ActiveProjectCell.swift */; };
		8C7C8C6B211D862000875B33 /* ProjectCellBase.xib in Resources */ = {isa = PBXBuildFile; fileRef = 8C7C8C6A211D862000875B33 /* ProjectCellBase.xib */; };
		8C7C8C6D211D9B1000875B33 /* Project.swift in Sources */ = {isa = PBXBuildFile; fileRef = 8C7C8C6C211D9B1000875B33 /* Project.swift */; };
		8C7C8C6F211D9B1E00875B33 /* Task.swift in Sources */ = {isa = PBXBuildFile; fileRef = 8C7C8C6E211D9B1E00875B33 /* Task.swift */; };
		8C7C8C7B211DB1D300875B33 /* UITextFieldExtension.swift in Sources */ = {isa = PBXBuildFile; fileRef = 8C7C8C7A211DB1D300875B33 /* UITextFieldExtension.swift */; };
		8C7C8C7F211DC16200875B33 /* UnderlineTextField.swift in Sources */ = {isa = PBXBuildFile; fileRef = 8C7C8C7E211DC16200875B33 /* UnderlineTextField.swift */; };
		8C8C6AE5211E44290081B17F /* FetchedResultsTableViewController.swift in Sources */ = {isa = PBXBuildFile; fileRef = 8C8C6AE4211E44290081B17F /* FetchedResultsTableViewController.swift */; };
		8C8C6AE7211E48990081B17F /* ActiveProjectsViewController.swift in Sources */ = {isa = PBXBuildFile; fileRef = 8C8C6AE6211E48990081B17F /* ActiveProjectsViewController.swift */; };
		8C8C6AE9211E4A7F0081B17F /* InputViewController.swift in Sources */ = {isa = PBXBuildFile; fileRef = 8C8C6AE8211E4A7F0081B17F /* InputViewController.swift */; };
		8C8C6AEB211E6F160081B17F /* CreateProjectViewController.swift in Sources */ = {isa = PBXBuildFile; fileRef = 8C8C6AEA211E6F160081B17F /* CreateProjectViewController.swift */; };
		8C8C6AED211E828A0081B17F /* AddSubTasksViewController.swift in Sources */ = {isa = PBXBuildFile; fileRef = 8C8C6AEC211E828A0081B17F /* AddSubTasksViewController.swift */; };
		8C8C6AEF211E85990081B17F /* CancelIconView.swift in Sources */ = {isa = PBXBuildFile; fileRef = 8C8C6AEE211E85990081B17F /* CancelIconView.swift */; };
		8CB2841B211D34370084BC56 /* AppDelegate.swift in Sources */ = {isa = PBXBuildFile; fileRef = 8CB2841A211D34370084BC56 /* AppDelegate.swift */; };
		8CB28420211D34370084BC56 /* Main.storyboard in Resources */ = {isa = PBXBuildFile; fileRef = 8CB2841E211D34370084BC56 /* Main.storyboard */; };
		8CB28423211D34370084BC56 /* AuTodo.xcdatamodeld in Sources */ = {isa = PBXBuildFile; fileRef = 8CB28421211D34370084BC56 /* AuTodo.xcdatamodeld */; };
		8CB28425211D34380084BC56 /* Assets.xcassets in Resources */ = {isa = PBXBuildFile; fileRef = 8CB28424211D34380084BC56 /* Assets.xcassets */; };
		8CB28428211D34380084BC56 /* LaunchScreen.storyboard in Resources */ = {isa = PBXBuildFile; fileRef = 8CB28426211D34380084BC56 /* LaunchScreen.storyboard */; };
		8CB28433211D34380084BC56 /* AuTodoTests.swift in Sources */ = {isa = PBXBuildFile; fileRef = 8CB28432211D34380084BC56 /* AuTodoTests.swift */; };
		8CB2843E211D34380084BC56 /* AuTodoUITests.swift in Sources */ = {isa = PBXBuildFile; fileRef = 8CB2843D211D34380084BC56 /* AuTodoUITests.swift */; };
		8CB28455211D376D0084BC56 /* CheckMarkView.swift in Sources */ = {isa = PBXBuildFile; fileRef = 8CB28454211D376D0084BC56 /* CheckMarkView.swift */; };
/* End PBXBuildFile section */

/* Begin PBXContainerItemProxy section */
		8CB2842F211D34380084BC56 /* PBXContainerItemProxy */ = {
			isa = PBXContainerItemProxy;
			containerPortal = 8CB2840F211D34370084BC56 /* Project object */;
			proxyType = 1;
			remoteGlobalIDString = 8CB28416211D34370084BC56;
			remoteInfo = AuTodo;
		};
		8CB2843A211D34380084BC56 /* PBXContainerItemProxy */ = {
			isa = PBXContainerItemProxy;
			containerPortal = 8CB2840F211D34370084BC56 /* Project object */;
			proxyType = 1;
			remoteGlobalIDString = 8CB28416211D34370084BC56;
			remoteInfo = AuTodo;
		};
/* End PBXContainerItemProxy section */

/* Begin PBXFileReference section */
		8C7C8C68211D860500875B33 /* ActiveProjectCell.swift */ = {isa = PBXFileReference; lastKnownFileType = sourcecode.swift; path = ActiveProjectCell.swift; sourceTree = "<group>"; };
		8C7C8C6A211D862000875B33 /* ProjectCellBase.xib */ = {isa = PBXFileReference; lastKnownFileType = file.xib; path = ProjectCellBase.xib; sourceTree = "<group>"; };
		8C7C8C6C211D9B1000875B33 /* Project.swift */ = {isa = PBXFileReference; lastKnownFileType = sourcecode.swift; path = Project.swift; sourceTree = "<group>"; };
		8C7C8C6E211D9B1E00875B33 /* Task.swift */ = {isa = PBXFileReference; lastKnownFileType = sourcecode.swift; path = Task.swift; sourceTree = "<group>"; };
		8C7C8C7A211DB1D300875B33 /* UITextFieldExtension.swift */ = {isa = PBXFileReference; lastKnownFileType = sourcecode.swift; path = UITextFieldExtension.swift; sourceTree = "<group>"; };
		8C7C8C7E211DC16200875B33 /* UnderlineTextField.swift */ = {isa = PBXFileReference; lastKnownFileType = sourcecode.swift; path = UnderlineTextField.swift; sourceTree = "<group>"; };
		8C8C6AE4211E44290081B17F /* FetchedResultsTableViewController.swift */ = {isa = PBXFileReference; lastKnownFileType = sourcecode.swift; path = FetchedResultsTableViewController.swift; sourceTree = "<group>"; };
		8C8C6AE6211E48990081B17F /* ActiveProjectsViewController.swift */ = {isa = PBXFileReference; lastKnownFileType = sourcecode.swift; path = ActiveProjectsViewController.swift; sourceTree = "<group>"; };
		8C8C6AE8211E4A7F0081B17F /* InputViewController.swift */ = {isa = PBXFileReference; lastKnownFileType = sourcecode.swift; path = InputViewController.swift; sourceTree = "<group>"; };
		8C8C6AEA211E6F160081B17F /* CreateProjectViewController.swift */ = {isa = PBXFileReference; lastKnownFileType = sourcecode.swift; path = CreateProjectViewController.swift; sourceTree = "<group>"; };
		8C8C6AEC211E828A0081B17F /* AddSubTasksViewController.swift */ = {isa = PBXFileReference; lastKnownFileType = sourcecode.swift; path = AddSubTasksViewController.swift; sourceTree = "<group>"; };
		8C8C6AEE211E85990081B17F /* CancelIconView.swift */ = {isa = PBXFileReference; lastKnownFileType = sourcecode.swift; path = CancelIconView.swift; sourceTree = "<group>"; };
		8CB28417211D34370084BC56 /* AuTodo.app */ = {isa = PBXFileReference; explicitFileType = wrapper.application; includeInIndex = 0; path = AuTodo.app; sourceTree = BUILT_PRODUCTS_DIR; };
		8CB2841A211D34370084BC56 /* AppDelegate.swift */ = {isa = PBXFileReference; lastKnownFileType = sourcecode.swift; path = AppDelegate.swift; sourceTree = "<group>"; };
		8CB2841F211D34370084BC56 /* Base */ = {isa = PBXFileReference; lastKnownFileType = file.storyboard; name = Base; path = Base.lproj/Main.storyboard; sourceTree = "<group>"; };
		8CB28422211D34370084BC56 /* AuTodo.xcdatamodel */ = {isa = PBXFileReference; lastKnownFileType = wrapper.xcdatamodel; path = AuTodo.xcdatamodel; sourceTree = "<group>"; };
		8CB28424211D34380084BC56 /* Assets.xcassets */ = {isa = PBXFileReference; lastKnownFileType = folder.assetcatalog; path = Assets.xcassets; sourceTree = "<group>"; };
		8CB28427211D34380084BC56 /* Base */ = {isa = PBXFileReference; lastKnownFileType = file.storyboard; name = Base; path = Base.lproj/LaunchScreen.storyboard; sourceTree = "<group>"; };
		8CB28429211D34380084BC56 /* Info.plist */ = {isa = PBXFileReference; lastKnownFileType = text.plist.xml; path = Info.plist; sourceTree = "<group>"; };
		8CB2842E211D34380084BC56 /* AuTodoTests.xctest */ = {isa = PBXFileReference; explicitFileType = wrapper.cfbundle; includeInIndex = 0; path = AuTodoTests.xctest; sourceTree = BUILT_PRODUCTS_DIR; };
		8CB28432211D34380084BC56 /* AuTodoTests.swift */ = {isa = PBXFileReference; lastKnownFileType = sourcecode.swift; path = AuTodoTests.swift; sourceTree = "<group>"; };
		8CB28434211D34380084BC56 /* Info.plist */ = {isa = PBXFileReference; lastKnownFileType = text.plist.xml; path = Info.plist; sourceTree = "<group>"; };
		8CB28439211D34380084BC56 /* AuTodoUITests.xctest */ = {isa = PBXFileReference; explicitFileType = wrapper.cfbundle; includeInIndex = 0; path = AuTodoUITests.xctest; sourceTree = BUILT_PRODUCTS_DIR; };
		8CB2843D211D34380084BC56 /* AuTodoUITests.swift */ = {isa = PBXFileReference; lastKnownFileType = sourcecode.swift; path = AuTodoUITests.swift; sourceTree = "<group>"; };
		8CB2843F211D34390084BC56 /* Info.plist */ = {isa = PBXFileReference; lastKnownFileType = text.plist.xml; path = Info.plist; sourceTree = "<group>"; };
		8CB28454211D376D0084BC56 /* CheckMarkView.swift */ = {isa = PBXFileReference; lastKnownFileType = sourcecode.swift; path = CheckMarkView.swift; sourceTree = "<group>"; };
/* End PBXFileReference section */

/* Begin PBXFrameworksBuildPhase section */
		8CB28414211D34370084BC56 /* Frameworks */ = {
			isa = PBXFrameworksBuildPhase;
			buildActionMask = 2147483647;
			files = (
			);
			runOnlyForDeploymentPostprocessing = 0;
		};
		8CB2842B211D34380084BC56 /* Frameworks */ = {
			isa = PBXFrameworksBuildPhase;
			buildActionMask = 2147483647;
			files = (
			);
			runOnlyForDeploymentPostprocessing = 0;
		};
		8CB28436211D34380084BC56 /* Frameworks */ = {
			isa = PBXFrameworksBuildPhase;
			buildActionMask = 2147483647;
			files = (
			);
			runOnlyForDeploymentPostprocessing = 0;
		};
/* End PBXFrameworksBuildPhase section */

/* Begin PBXGroup section */
		8C7C8C63211D7E0A00875B33 /* Xibs */ = {
			isa = PBXGroup;
			children = (
				8C7C8C6A211D862000875B33 /* ProjectCellBase.xib */,
				8C7C8C68211D860500875B33 /* ActiveProjectCell.swift */,
			);
			path = Xibs;
			sourceTree = "<group>";
		};
		8C7C8C79211DB1C000875B33 /* Extensions */ = {
			isa = PBXGroup;
			children = (
				8C7C8C7A211DB1D300875B33 /* UITextFieldExtension.swift */,
			);
			path = Extensions;
			sourceTree = "<group>";
		};
		8CB2840E211D34370084BC56 = {
			isa = PBXGroup;
			children = (
				8CB28419211D34370084BC56 /* AuTodo */,
				8CB2844B211D34470084BC56 /* Support Files */,
				8CB28431211D34380084BC56 /* AuTodoTests */,
				8CB2843C211D34380084BC56 /* AuTodoUITests */,
				8CB28418211D34370084BC56 /* Products */,
			);
			sourceTree = "<group>";
		};
		8CB28418211D34370084BC56 /* Products */ = {
			isa = PBXGroup;
			children = (
				8CB28417211D34370084BC56 /* AuTodo.app */,
				8CB2842E211D34380084BC56 /* AuTodoTests.xctest */,
				8CB28439211D34380084BC56 /* AuTodoUITests.xctest */,
			);
			name = Products;
			sourceTree = "<group>";
		};
		8CB28419211D34370084BC56 /* AuTodo */ = {
			isa = PBXGroup;
			children = (
				8C7C8C79211DB1C000875B33 /* Extensions */,
				8C7C8C63211D7E0A00875B33 /* Xibs */,
				8CB28453211D37400084BC56 /* Custom Views */,
				8CB2844C211D34610084BC56 /* View Controllers */,
				8CB2841E211D34370084BC56 /* Main.storyboard */,
				8CB28429211D34380084BC56 /* Info.plist */,
				8CB28421211D34370084BC56 /* AuTodo.xcdatamodeld */,
				8C7C8C6C211D9B1000875B33 /* Project.swift */,
				8C7C8C6E211D9B1E00875B33 /* Task.swift */,
			);
			path = AuTodo;
			sourceTree = "<group>";
		};
		8CB28431211D34380084BC56 /* AuTodoTests */ = {
			isa = PBXGroup;
			children = (
				8CB28432211D34380084BC56 /* AuTodoTests.swift */,
				8CB28434211D34380084BC56 /* Info.plist */,
			);
			path = AuTodoTests;
			sourceTree = "<group>";
		};
		8CB2843C211D34380084BC56 /* AuTodoUITests */ = {
			isa = PBXGroup;
			children = (
				8CB2843D211D34380084BC56 /* AuTodoUITests.swift */,
				8CB2843F211D34390084BC56 /* Info.plist */,
			);
			path = AuTodoUITests;
			sourceTree = "<group>";
		};
		8CB2844B211D34470084BC56 /* Support Files */ = {
			isa = PBXGroup;
			children = (
				8CB28424211D34380084BC56 /* Assets.xcassets */,
				8CB2841A211D34370084BC56 /* AppDelegate.swift */,
				8CB28426211D34380084BC56 /* LaunchScreen.storyboard */,
			);
			path = "Support Files";
			sourceTree = "<group>";
		};
		8CB2844C211D34610084BC56 /* View Controllers */ = {
			isa = PBXGroup;
			children = (
				8C8C6AE4211E44290081B17F /* FetchedResultsTableViewController.swift */,
				8C8C6AE6211E48990081B17F /* ActiveProjectsViewController.swift */,
				8C8C6AE8211E4A7F0081B17F /* InputViewController.swift */,
				8C8C6AEA211E6F160081B17F /* CreateProjectViewController.swift */,
				8C8C6AEC211E828A0081B17F /* AddSubTasksViewController.swift */,
			);
			path = "View Controllers";
			sourceTree = "<group>";
		};
		8CB28453211D37400084BC56 /* Custom Views */ = {
			isa = PBXGroup;
			children = (
				8CB28454211D376D0084BC56 /* CheckMarkView.swift */,
				8C7C8C7E211DC16200875B33 /* UnderlineTextField.swift */,
				8C8C6AEE211E85990081B17F /* CancelIconView.swift */,
			);
			path = "Custom Views";
			sourceTree = "<group>";
		};
/* End PBXGroup section */

/* Begin PBXNativeTarget section */
		8CB28416211D34370084BC56 /* AuTodo */ = {
			isa = PBXNativeTarget;
			buildConfigurationList = 8CB28442211D34390084BC56 /* Build configuration list for PBXNativeTarget "AuTodo" */;
			buildPhases = (
				8CB28413211D34370084BC56 /* Sources */,
				8CB28414211D34370084BC56 /* Frameworks */,
				8CB28415211D34370084BC56 /* Resources */,
			);
			buildRules = (
			);
			dependencies = (
			);
			name = AuTodo;
			productName = AuTodo;
			productReference = 8CB28417211D34370084BC56 /* AuTodo.app */;
			productType = "com.apple.product-type.application";
		};
		8CB2842D211D34380084BC56 /* AuTodoTests */ = {
			isa = PBXNativeTarget;
			buildConfigurationList = 8CB28445211D34390084BC56 /* Build configuration list for PBXNativeTarget "AuTodoTests" */;
			buildPhases = (
				8CB2842A211D34380084BC56 /* Sources */,
				8CB2842B211D34380084BC56 /* Frameworks */,
				8CB2842C211D34380084BC56 /* Resources */,
			);
			buildRules = (
			);
			dependencies = (
				8CB28430211D34380084BC56 /* PBXTargetDependency */,
			);
			name = AuTodoTests;
			productName = AuTodoTests;
			productReference = 8CB2842E211D34380084BC56 /* AuTodoTests.xctest */;
			productType = "com.apple.product-type.bundle.unit-test";
		};
		8CB28438211D34380084BC56 /* AuTodoUITests */ = {
			isa = PBXNativeTarget;
			buildConfigurationList = 8CB28448211D34390084BC56 /* Build configuration list for PBXNativeTarget "AuTodoUITests" */;
			buildPhases = (
				8CB28435211D34380084BC56 /* Sources */,
				8CB28436211D34380084BC56 /* Frameworks */,
				8CB28437211D34380084BC56 /* Resources */,
			);
			buildRules = (
			);
			dependencies = (
				8CB2843B211D34380084BC56 /* PBXTargetDependency */,
			);
			name = AuTodoUITests;
			productName = AuTodoUITests;
			productReference = 8CB28439211D34380084BC56 /* AuTodoUITests.xctest */;
			productType = "com.apple.product-type.bundle.ui-testing";
		};
/* End PBXNativeTarget section */

/* Begin PBXProject section */
		8CB2840F211D34370084BC56 /* Project object */ = {
			isa = PBXProject;
			attributes = {
				LastSwiftUpdateCheck = 0940;
				LastUpgradeCheck = 0940;
				ORGANIZATIONNAME = "edan yachdav";
				TargetAttributes = {
					8CB28416211D34370084BC56 = {
						CreatedOnToolsVersion = 9.4.1;
					};
					8CB2842D211D34380084BC56 = {
						CreatedOnToolsVersion = 9.4.1;
						TestTargetID = 8CB28416211D34370084BC56;
					};
					8CB28438211D34380084BC56 = {
						CreatedOnToolsVersion = 9.4.1;
						TestTargetID = 8CB28416211D34370084BC56;
					};
				};
			};
			buildConfigurationList = 8CB28412211D34370084BC56 /* Build configuration list for PBXProject "AuTodo" */;
			compatibilityVersion = "Xcode 9.3";
			developmentRegion = en;
			hasScannedForEncodings = 0;
			knownRegions = (
				en,
				Base,
			);
			mainGroup = 8CB2840E211D34370084BC56;
			productRefGroup = 8CB28418211D34370084BC56 /* Products */;
			projectDirPath = "";
			projectRoot = "";
			targets = (
				8CB28416211D34370084BC56 /* AuTodo */,
				8CB2842D211D34380084BC56 /* AuTodoTests */,
				8CB28438211D34380084BC56 /* AuTodoUITests */,
			);
		};
/* End PBXProject section */

/* Begin PBXResourcesBuildPhase section */
		8CB28415211D34370084BC56 /* Resources */ = {
			isa = PBXResourcesBuildPhase;
			buildActionMask = 2147483647;
			files = (
				8CB28428211D34380084BC56 /* LaunchScreen.storyboard in Resources */,
				8CB28425211D34380084BC56 /* Assets.xcassets in Resources */,
				8CB28420211D34370084BC56 /* Main.storyboard in Resources */,
				8C7C8C6B211D862000875B33 /* ProjectCellBase.xib in Resources */,
			);
			runOnlyForDeploymentPostprocessing = 0;
		};
		8CB2842C211D34380084BC56 /* Resources */ = {
			isa = PBXResourcesBuildPhase;
			buildActionMask = 2147483647;
			files = (
			);
			runOnlyForDeploymentPostprocessing = 0;
		};
		8CB28437211D34380084BC56 /* Resources */ = {
			isa = PBXResourcesBuildPhase;
			buildActionMask = 2147483647;
			files = (
			);
			runOnlyForDeploymentPostprocessing = 0;
		};
/* End PBXResourcesBuildPhase section */

/* Begin PBXSourcesBuildPhase section */
		8CB28413211D34370084BC56 /* Sources */ = {
			isa = PBXSourcesBuildPhase;
			buildActionMask = 2147483647;
			files = (
				8C8C6AED211E828A0081B17F /* AddSubTasksViewController.swift in Sources */,
				8C8C6AEF211E85990081B17F /* CancelIconView.swift in Sources */,
				8C8C6AEB211E6F160081B17F /* CreateProjectViewController.swift in Sources */,
				8C8C6AE9211E4A7F0081B17F /* InputViewController.swift in Sources */,
				8C8C6AE7211E48990081B17F /* ActiveProjectsViewController.swift in Sources */,
				8C7C8C7F211DC16200875B33 /* UnderlineTextField.swift in Sources */,
				8C8C6AE5211E44290081B17F /* FetchedResultsTableViewController.swift in Sources */,
				8CB28455211D376D0084BC56 /* CheckMarkView.swift in Sources */,
				8CB28423211D34370084BC56 /* AuTodo.xcdatamodeld in Sources */,
				8C7C8C7B211DB1D300875B33 /* UITextFieldExtension.swift in Sources */,
				8C7C8C69211D860500875B33 /* ActiveProjectCell.swift in Sources */,
				8CB2841B211D34370084BC56 /* AppDelegate.swift in Sources */,
				8C7C8C6F211D9B1E00875B33 /* Task.swift in Sources */,
				8C7C8C6D211D9B1000875B33 /* Project.swift in Sources */,
			);
			runOnlyForDeploymentPostprocessing = 0;
		};
		8CB2842A211D34380084BC56 /* Sources */ = {
			isa = PBXSourcesBuildPhase;
			buildActionMask = 2147483647;
			files = (
				8CB28433211D34380084BC56 /* AuTodoTests.swift in Sources */,
			);
			runOnlyForDeploymentPostprocessing = 0;
		};
		8CB28435211D34380084BC56 /* Sources */ = {
			isa = PBXSourcesBuildPhase;
			buildActionMask = 2147483647;
			files = (
				8CB2843E211D34380084BC56 /* AuTodoUITests.swift in Sources */,
			);
			runOnlyForDeploymentPostprocessing = 0;
		};
/* End PBXSourcesBuildPhase section */

/* Begin PBXTargetDependency section */
		8CB28430211D34380084BC56 /* PBXTargetDependency */ = {
			isa = PBXTargetDependency;
			target = 8CB28416211D34370084BC56 /* AuTodo */;
			targetProxy = 8CB2842F211D34380084BC56 /* PBXContainerItemProxy */;
		};
		8CB2843B211D34380084BC56 /* PBXTargetDependency */ = {
			isa = PBXTargetDependency;
			target = 8CB28416211D34370084BC56 /* AuTodo */;
			targetProxy = 8CB2843A211D34380084BC56 /* PBXContainerItemProxy */;
		};
/* End PBXTargetDependency section */

/* Begin PBXVariantGroup section */
		8CB2841E211D34370084BC56 /* Main.storyboard */ = {
			isa = PBXVariantGroup;
			children = (
				8CB2841F211D34370084BC56 /* Base */,
			);
			name = Main.storyboard;
			sourceTree = "<group>";
		};
		8CB28426211D34380084BC56 /* LaunchScreen.storyboard */ = {
			isa = PBXVariantGroup;
			children = (
				8CB28427211D34380084BC56 /* Base */,
			);
			name = LaunchScreen.storyboard;
			sourceTree = "<group>";
		};
/* End PBXVariantGroup section */

/* Begin XCBuildConfiguration section */
		8CB28440211D34390084BC56 /* Debug */ = {
			isa = XCBuildConfiguration;
			buildSettings = {
				ALWAYS_SEARCH_USER_PATHS = NO;
				CLANG_ANALYZER_NONNULL = YES;
				CLANG_ANALYZER_NUMBER_OBJECT_CONVERSION = YES_AGGRESSIVE;
				CLANG_CXX_LANGUAGE_STANDARD = "gnu++14";
				CLANG_CXX_LIBRARY = "libc++";
				CLANG_ENABLE_MODULES = YES;
				CLANG_ENABLE_OBJC_ARC = YES;
				CLANG_ENABLE_OBJC_WEAK = YES;
				CLANG_WARN_BLOCK_CAPTURE_AUTORELEASING = YES;
				CLANG_WARN_BOOL_CONVERSION = YES;
				CLANG_WARN_COMMA = YES;
				CLANG_WARN_CONSTANT_CONVERSION = YES;
				CLANG_WARN_DEPRECATED_OBJC_IMPLEMENTATIONS = YES;
				CLANG_WARN_DIRECT_OBJC_ISA_USAGE = YES_ERROR;
				CLANG_WARN_DOCUMENTATION_COMMENTS = YES;
				CLANG_WARN_EMPTY_BODY = YES;
				CLANG_WARN_ENUM_CONVERSION = YES;
				CLANG_WARN_INFINITE_RECURSION = YES;
				CLANG_WARN_INT_CONVERSION = YES;
				CLANG_WARN_NON_LITERAL_NULL_CONVERSION = YES;
				CLANG_WARN_OBJC_IMPLICIT_RETAIN_SELF = YES;
				CLANG_WARN_OBJC_LITERAL_CONVERSION = YES;
				CLANG_WARN_OBJC_ROOT_CLASS = YES_ERROR;
				CLANG_WARN_RANGE_LOOP_ANALYSIS = YES;
				CLANG_WARN_STRICT_PROTOTYPES = YES;
				CLANG_WARN_SUSPICIOUS_MOVE = YES;
				CLANG_WARN_UNGUARDED_AVAILABILITY = YES_AGGRESSIVE;
				CLANG_WARN_UNREACHABLE_CODE = YES;
				CLANG_WARN__DUPLICATE_METHOD_MATCH = YES;
				CODE_SIGN_IDENTITY = "iPhone Developer";
				COPY_PHASE_STRIP = NO;
				DEBUG_INFORMATION_FORMAT = dwarf;
				ENABLE_STRICT_OBJC_MSGSEND = YES;
				ENABLE_TESTABILITY = YES;
				GCC_C_LANGUAGE_STANDARD = gnu11;
				GCC_DYNAMIC_NO_PIC = NO;
				GCC_NO_COMMON_BLOCKS = YES;
				GCC_OPTIMIZATION_LEVEL = 0;
				GCC_PREPROCESSOR_DEFINITIONS = (
					"DEBUG=1",
					"$(inherited)",
				);
				GCC_WARN_64_TO_32_BIT_CONVERSION = YES;
				GCC_WARN_ABOUT_RETURN_TYPE = YES_ERROR;
				GCC_WARN_UNDECLARED_SELECTOR = YES;
				GCC_WARN_UNINITIALIZED_AUTOS = YES_AGGRESSIVE;
				GCC_WARN_UNUSED_FUNCTION = YES;
				GCC_WARN_UNUSED_VARIABLE = YES;
				IPHONEOS_DEPLOYMENT_TARGET = 11.4;
				MTL_ENABLE_DEBUG_INFO = YES;
				ONLY_ACTIVE_ARCH = YES;
				SDKROOT = iphoneos;
				SWIFT_ACTIVE_COMPILATION_CONDITIONS = DEBUG;
				SWIFT_OPTIMIZATION_LEVEL = "-Onone";
			};
			name = Debug;
		};
		8CB28441211D34390084BC56 /* Release */ = {
			isa = XCBuildConfiguration;
			buildSettings = {
				ALWAYS_SEARCH_USER_PATHS = NO;
				CLANG_ANALYZER_NONNULL = YES;
				CLANG_ANALYZER_NUMBER_OBJECT_CONVERSION = YES_AGGRESSIVE;
				CLANG_CXX_LANGUAGE_STANDARD = "gnu++14";
				CLANG_CXX_LIBRARY = "libc++";
				CLANG_ENABLE_MODULES = YES;
				CLANG_ENABLE_OBJC_ARC = YES;
				CLANG_ENABLE_OBJC_WEAK = YES;
				CLANG_WARN_BLOCK_CAPTURE_AUTORELEASING = YES;
				CLANG_WARN_BOOL_CONVERSION = YES;
				CLANG_WARN_COMMA = YES;
				CLANG_WARN_CONSTANT_CONVERSION = YES;
				CLANG_WARN_DEPRECATED_OBJC_IMPLEMENTATIONS = YES;
				CLANG_WARN_DIRECT_OBJC_ISA_USAGE = YES_ERROR;
				CLANG_WARN_DOCUMENTATION_COMMENTS = YES;
				CLANG_WARN_EMPTY_BODY = YES;
				CLANG_WARN_ENUM_CONVERSION = YES;
				CLANG_WARN_INFINITE_RECURSION = YES;
				CLANG_WARN_INT_CONVERSION = YES;
				CLANG_WARN_NON_LITERAL_NULL_CONVERSION = YES;
				CLANG_WARN_OBJC_IMPLICIT_RETAIN_SELF = YES;
				CLANG_WARN_OBJC_LITERAL_CONVERSION = YES;
				CLANG_WARN_OBJC_ROOT_CLASS = YES_ERROR;
				CLANG_WARN_RANGE_LOOP_ANALYSIS = YES;
				CLANG_WARN_STRICT_PROTOTYPES = YES;
				CLANG_WARN_SUSPICIOUS_MOVE = YES;
				CLANG_WARN_UNGUARDED_AVAILABILITY = YES_AGGRESSIVE;
				CLANG_WARN_UNREACHABLE_CODE = YES;
				CLANG_WARN__DUPLICATE_METHOD_MATCH = YES;
				CODE_SIGN_IDENTITY = "iPhone Developer";
				COPY_PHASE_STRIP = NO;
				DEBUG_INFORMATION_FORMAT = "dwarf-with-dsym";
				ENABLE_NS_ASSERTIONS = NO;
				ENABLE_STRICT_OBJC_MSGSEND = YES;
				GCC_C_LANGUAGE_STANDARD = gnu11;
				GCC_NO_COMMON_BLOCKS = YES;
				GCC_WARN_64_TO_32_BIT_CONVERSION = YES;
				GCC_WARN_ABOUT_RETURN_TYPE = YES_ERROR;
				GCC_WARN_UNDECLARED_SELECTOR = YES;
				GCC_WARN_UNINITIALIZED_AUTOS = YES_AGGRESSIVE;
				GCC_WARN_UNUSED_FUNCTION = YES;
				GCC_WARN_UNUSED_VARIABLE = YES;
				IPHONEOS_DEPLOYMENT_TARGET = 11.4;
				MTL_ENABLE_DEBUG_INFO = NO;
				SDKROOT = iphoneos;
				SWIFT_COMPILATION_MODE = wholemodule;
				SWIFT_OPTIMIZATION_LEVEL = "-O";
				VALIDATE_PRODUCT = YES;
			};
			name = Release;
		};
		8CB28443211D34390084BC56 /* Debug */ = {
			isa = XCBuildConfiguration;
			buildSettings = {
				ASSETCATALOG_COMPILER_APPICON_NAME = AppIcon;
				CODE_SIGN_STYLE = Automatic;
				DEVELOPMENT_TEAM = 85NSFJ3D63;
				INFOPLIST_FILE = AuTodo/Info.plist;
				LD_RUNPATH_SEARCH_PATHS = (
					"$(inherited)",
					"@executable_path/Frameworks",
				);
				PRODUCT_BUNDLE_IDENTIFIER = edan.yachdav.org.A14204593.AuTodo;
				PRODUCT_NAME = "$(TARGET_NAME)";
				SWIFT_VERSION = 4.0;
				TARGETED_DEVICE_FAMILY = "1,2";
			};
			name = Debug;
		};
		8CB28444211D34390084BC56 /* Release */ = {
			isa = XCBuildConfiguration;
			buildSettings = {
				ASSETCATALOG_COMPILER_APPICON_NAME = AppIcon;
				CODE_SIGN_STYLE = Automatic;
				DEVELOPMENT_TEAM = 85NSFJ3D63;
				INFOPLIST_FILE = AuTodo/Info.plist;
				LD_RUNPATH_SEARCH_PATHS = (
					"$(inherited)",
					"@executable_path/Frameworks",
				);
				PRODUCT_BUNDLE_IDENTIFIER = edan.yachdav.org.A14204593.AuTodo;
				PRODUCT_NAME = "$(TARGET_NAME)";
				SWIFT_VERSION = 4.0;
				TARGETED_DEVICE_FAMILY = "1,2";
			};
			name = Release;
		};
		8CB28446211D34390084BC56 /* Debug */ = {
			isa = XCBuildConfiguration;
			buildSettings = {
				ALWAYS_EMBED_SWIFT_STANDARD_LIBRARIES = YES;
				BUNDLE_LOADER = "$(TEST_HOST)";
				CODE_SIGN_STYLE = Automatic;
				DEVELOPMENT_TEAM = 85NSFJ3D63;
				INFOPLIST_FILE = AuTodoTests/Info.plist;
				LD_RUNPATH_SEARCH_PATHS = (
					"$(inherited)",
					"@executable_path/Frameworks",
					"@loader_path/Frameworks",
				);
				PRODUCT_BUNDLE_IDENTIFIER = edan.yachdav.org.A14204593.AuTodoTests;
				PRODUCT_NAME = "$(TARGET_NAME)";
				SWIFT_VERSION = 4.0;
				TARGETED_DEVICE_FAMILY = "1,2";
				TEST_HOST = "$(BUILT_PRODUCTS_DIR)/AuTodo.app/AuTodo";
			};
			name = Debug;
		};
		8CB28447211D34390084BC56 /* Release */ = {
			isa = XCBuildConfiguration;
			buildSettings = {
				ALWAYS_EMBED_SWIFT_STANDARD_LIBRARIES = YES;
				BUNDLE_LOADER = "$(TEST_HOST)";
				CODE_SIGN_STYLE = Automatic;
				DEVELOPMENT_TEAM = 85NSFJ3D63;
				INFOPLIST_FILE = AuTodoTests/Info.plist;
				LD_RUNPATH_SEARCH_PATHS = (
					"$(inherited)",
					"@executable_path/Frameworks",
					"@loader_path/Frameworks",
				);
				PRODUCT_BUNDLE_IDENTIFIER = edan.yachdav.org.A14204593.AuTodoTests;
				PRODUCT_NAME = "$(TARGET_NAME)";
				SWIFT_VERSION = 4.0;
				TARGETED_DEVICE_FAMILY = "1,2";
				TEST_HOST = "$(BUILT_PRODUCTS_DIR)/AuTodo.app/AuTodo";
			};
			name = Release;
		};
		8CB28449211D34390084BC56 /* Debug */ = {
			isa = XCBuildConfiguration;
			buildSettings = {
				ALWAYS_EMBED_SWIFT_STANDARD_LIBRARIES = YES;
				CODE_SIGN_STYLE = Automatic;
				DEVELOPMENT_TEAM = 85NSFJ3D63;
				INFOPLIST_FILE = AuTodoUITests/Info.plist;
				LD_RUNPATH_SEARCH_PATHS = (
					"$(inherited)",
					"@executable_path/Frameworks",
					"@loader_path/Frameworks",
				);
				PRODUCT_BUNDLE_IDENTIFIER = edan.yachdav.org.A14204593.AuTodoUITests;
				PRODUCT_NAME = "$(TARGET_NAME)";
				SWIFT_VERSION = 4.0;
				TARGETED_DEVICE_FAMILY = "1,2";
				TEST_TARGET_NAME = AuTodo;
			};
			name = Debug;
		};
		8CB2844A211D34390084BC56 /* Release */ = {
			isa = XCBuildConfiguration;
			buildSettings = {
				ALWAYS_EMBED_SWIFT_STANDARD_LIBRARIES = YES;
				CODE_SIGN_STYLE = Automatic;
				DEVELOPMENT_TEAM = 85NSFJ3D63;
				INFOPLIST_FILE = AuTodoUITests/Info.plist;
				LD_RUNPATH_SEARCH_PATHS = (
					"$(inherited)",
					"@executable_path/Frameworks",
					"@loader_path/Frameworks",
				);
				PRODUCT_BUNDLE_IDENTIFIER = edan.yachdav.org.A14204593.AuTodoUITests;
				PRODUCT_NAME = "$(TARGET_NAME)";
				SWIFT_VERSION = 4.0;
				TARGETED_DEVICE_FAMILY = "1,2";
				TEST_TARGET_NAME = AuTodo;
			};
			name = Release;
		};
/* End XCBuildConfiguration section */

/* Begin XCConfigurationList section */
		8CB28412211D34370084BC56 /* Build configuration list for PBXProject "AuTodo" */ = {
			isa = XCConfigurationList;
			buildConfigurations = (
				8CB28440211D34390084BC56 /* Debug */,
				8CB28441211D34390084BC56 /* Release */,
			);
			defaultConfigurationIsVisible = 0;
			defaultConfigurationName = Release;
		};
		8CB28442211D34390084BC56 /* Build configuration list for PBXNativeTarget "AuTodo" */ = {
			isa = XCConfigurationList;
			buildConfigurations = (
				8CB28443211D34390084BC56 /* Debug */,
				8CB28444211D34390084BC56 /* Release */,
			);
			defaultConfigurationIsVisible = 0;
			defaultConfigurationName = Release;
		};
		8CB28445211D34390084BC56 /* Build configuration list for PBXNativeTarget "AuTodoTests" */ = {
			isa = XCConfigurationList;
			buildConfigurations = (
				8CB28446211D34390084BC56 /* Debug */,
				8CB28447211D34390084BC56 /* Release */,
			);
			defaultConfigurationIsVisible = 0;
			defaultConfigurationName = Release;
		};
		8CB28448211D34390084BC56 /* Build configuration list for PBXNativeTarget "AuTodoUITests" */ = {
			isa = XCConfigurationList;
			buildConfigurations = (
				8CB28449211D34390084BC56 /* Debug */,
				8CB2844A211D34390084BC56 /* Release */,
			);
			defaultConfigurationIsVisible = 0;
			defaultConfigurationName = Release;
		};
/* End XCConfigurationList section */

/* Begin XCVersionGroup section */
		8CB28421211D34370084BC56 /* AuTodo.xcdatamodeld */ = {
			isa = XCVersionGroup;
			children = (
				8CB28422211D34370084BC56 /* AuTodo.xcdatamodel */,
			);
			currentVersion = 8CB28422211D34370084BC56 /* AuTodo.xcdatamodel */;
			path = AuTodo.xcdatamodeld;
			sourceTree = "<group>";
			versionGroupType = wrapper.xcdatamodel;
		};
/* End XCVersionGroup section */
	};
	rootObject = 8CB2840F211D34370084BC56 /* Project object */;
}
